
Microsoft Visual Studio Solution File, Format Version 12.00
# Visual Studio 15
VisualStudioVersion = 15.0.28307.779
MinimumVisualStudioVersion = 10.0.40219.1
Project("{FAE04EC0-301F-11D3-BF4B-00C04F79EFBC}") = "Dominio", "Dominio\Dominio.csproj", "{7EDBAD3B-0ED5-4012-A937-D362D6EC608D}"
EndProject
Project("{FAE04EC0-301F-11D3-BF4B-00C04F79EFBC}") = "Consola", "Consola\Consola.csproj", "{B0B90CD1-5CB7-4E33-B4BA-2652C56B3605}"
EndProject
Global
	GlobalSection(SolutionConfigurationPlatforms) = preSolution
		Debug|Any CPU = Debug|Any CPU
		Release|Any CPU = Release|Any CPU
	EndGlobalSection
	GlobalSection(ProjectConfigurationPlatforms) = postSolution
		{7EDBAD3B-0ED5-4012-A937-D362D6EC608D}.Debug|Any CPU.ActiveCfg = Debug|Any CPU
		{7EDBAD3B-0ED5-4012-A937-D362D6EC608D}.Debug|Any CPU.Build.0 = Debug|Any CPU
		{7EDBAD3B-0ED5-4012-A937-D362D6EC608D}.Release|Any CPU.ActiveCfg = Release|Any CPU
		{7EDBAD3B-0ED5-4012-A937-D362D6EC608D}.Release|Any CPU.Build.0 = Release|Any CPU
		{B0B90CD1-5CB7-4E33-B4BA-2652C56B3605}.Debug|Any CPU.ActiveCfg = Debug|Any CPU
		{B0B90CD1-5CB7-4E33-B4BA-2652C56B3605}.Debug|Any CPU.Build.0 = Debug|Any CPU
		{B0B90CD1-5CB7-4E33-B4BA-2652C56B3605}.Release|Any CPU.ActiveCfg = Release|Any CPU
		{B0B90CD1-5CB7-4E33-B4BA-2652C56B3605}.Release|Any CPU.Build.0 = Release|Any CPU
	EndGlobalSection
	GlobalSection(SolutionProperties) = preSolution
		HideSolutionNode = FALSE
	EndGlobalSection
	GlobalSection(ExtensibilityGlobals) = postSolution
		SolutionGuid = {B5F6A106-02C4-4526-B2C8-31428EF70F48}
	EndGlobalSection
EndGlobal
